<?xml version="1.0" encoding="utf-8"?>
<Project ToolsVersion="4.0" xmlns="http://schemas.microsoft.com/developer/msbuild/2003">
  <ItemGroup>
    <ClCompile Include="..\src\map\sql\mapreg_sql.c">
      <Filter>map_sql</Filter>
    </ClCompile>
    <ClCompile Include="..\src\map\atcommand.c">
      <Filter>map_sql</Filter>
    </ClCompile>
    <ClCompile Include="..\src\map\bank.c">
      <Filter>map_sql</Filter>
    </ClCompile>
    <ClCompile Include="..\src\map\battle.c">
      <Filter>map_sql</Filter>
    </ClCompile>
    <ClCompile Include="..\src\map\bonus.c">
      <Filter>map_sql</Filter>
    </ClCompile>
    <ClCompile Include="..\src\map\booking.c">
      <Filter>map_sql</Filter>
    </ClCompile>
    <ClCompile Include="..\src\map\buyingstore.c">
      <Filter>map_sql</Filter>
    </ClCompile>
    <ClCompile Include="..\src\map\chat.c">
      <Filter>map_sql</Filter>
    </ClCompile>
    <ClCompile Include="..\src\map\chrif.c">
      <Filter>map_sql</Filter>
    </ClCompile>
    <ClCompile Include="..\src\map\clif.c">
      <Filter>map_sql</Filter>
    </ClCompile>
    <ClCompile Include="..\src\map\date.c">
      <Filter>map_sql</Filter>
    </ClCompile>
    <ClCompile Include="..\src\map\elem.c">
      <Filter>map_sql</Filter>
    </ClCompile>
    <ClCompile Include="..\src\map\extra.c">
      <Filter>map_sql</Filter>
    </ClCompile>
    <ClCompile Include="..\src\map\friend.c">
      <Filter>map_sql</Filter>
    </ClCompile>
    <ClCompile Include="..\src\map\guild.c">
      <Filter>map_sql</Filter>
    </ClCompile>
    <ClCompile Include="..\src\map\homun.c">
      <Filter>map_sql</Filter>
    </ClCompile>
    <ClCompile Include="..\src\map\intif.c">
      <Filter>map_sql</Filter>
    </ClCompile>
    <ClCompile Include="..\src\map\itemdb.c">
      <Filter>map_sql</Filter>
    </ClCompile>
    <ClCompile Include="..\src\map\mail.c">
      <Filter>map_sql</Filter>
    </ClCompile>
    <ClCompile Include="..\src\map\map.c">
      <Filter>map_sql</Filter>
    </ClCompile>
    <ClCompile Include="..\src\map\memorial.c">
      <Filter>map_sql</Filter>
    </ClCompile>
    <ClCompile Include="..\src\map\merc.c">
      <Filter>map_sql</Filter>
    </ClCompile>
    <ClCompile Include="..\src\map\mob.c">
      <Filter>map_sql</Filter>
    </ClCompile>
    <ClCompile Include="..\src\map\msg.c">
      <Filter>map_sql</Filter>
    </ClCompile>
    <ClCompile Include="..\src\map\npc.c">
      <Filter>map_sql</Filter>
    </ClCompile>
    <ClCompile Include="..\src\map\party.c">
      <Filter>map_sql</Filter>
    </ClCompile>
    <ClCompile Include="..\src\map\path.c">
      <Filter>map_sql</Filter>
    </ClCompile>
    <ClCompile Include="..\src\map\pc.c">
      <Filter>map_sql</Filter>
    </ClCompile>
    <ClCompile Include="..\src\map\pet.c">
      <Filter>map_sql</Filter>
    </ClCompile>
    <ClCompile Include="..\src\map\quest.c">
      <Filter>map_sql</Filter>
    </ClCompile>
    <ClCompile Include="..\src\map\ranking.c">
      <Filter>map_sql</Filter>
    </ClCompile>
    <ClCompile Include="..\src\map\script.c">
      <Filter>map_sql</Filter>
    </ClCompile>
    <ClCompile Include="..\src\map\skill.c">
      <Filter>map_sql</Filter>
    </ClCompile>
    <ClCompile Include="..\src\map\status.c">
      <Filter>map_sql</Filter>
    </ClCompile>
    <ClCompile Include="..\src\map\storage.c">
      <Filter>map_sql</Filter>
    </ClCompile>
    <ClCompile Include="..\src\map\trade.c">
      <Filter>map_sql</Filter>
    </ClCompile>
    <ClCompile Include="..\src\map\unit.c">
      <Filter>map_sql</Filter>
    </ClCompile>
    <ClCompile Include="..\src\map\vending.c">
      <Filter>map_sql</Filter>
    </ClCompile>
    <ClCompile Include="..\src\common\core.c">
      <Filter>common</Filter>
    </ClCompile>
    <ClCompile Include="..\src\common\db.c">
      <Filter>common</Filter>
    </ClCompile>
    <ClCompile Include="..\src\common\graph.c">
      <Filter>common</Filter>
    </ClCompile>
    <ClCompile Include="..\src\common\grfio.c">
      <Filter>common</Filter>
    </ClCompile>
    <ClCompile Include="..\src\common\httpd.c">
      <Filter>common</Filter>
    </ClCompile>
    <ClCompile Include="..\src\common\lock.c">
      <Filter>common</Filter>
    </ClCompile>
    <ClCompile Include="..\src\common\malloc.c">
      <Filter>common</Filter>
    </ClCompile>
    <ClCompile Include="..\src\common\md5calc.c">
      <Filter>common</Filter>
    </ClCompile>
    <ClCompile Include="..\src\common\nullpo.c">
      <Filter>common</Filter>
    </ClCompile>
    <ClCompile Include="..\src\common\sqldbs.c">
      <Filter>common</Filter>
    </ClCompile>
    <ClCompile Include="..\src\common\socket.c">
      <Filter>common</Filter>
    </ClCompile>
    <ClCompile Include="..\src\common\timer.c">
      <Filter>common</Filter>
    </ClCompile>
    <ClCompile Include="..\src\common\utils.c">
      <Filter>common</Filter>
    </ClCompile>
    <ClCompile Include="..\src\common\version.c">
      <Filter>common</Filter>
    </ClCompile>
    <ClCompile Include="..\src\common\winservice.c">
      <Filter>common</Filter>
    </ClCompile>
    <ClCompile Include="..\src\common\zlib\adler32.c">
      <Filter>zlib</Filter>
    </ClCompile>
    <ClCompile Include="..\src\common\zlib\compress.c">
      <Filter>zlib</Filter>
    </ClCompile>
    <ClCompile Include="..\src\common\zlib\zutil.c">
      <Filter>zlib</Filter>
    </ClCompile>
    <ClCompile Include="..\src\common\zlib\crc32.c">
      <Filter>zlib</Filter>
    </ClCompile>
    <ClCompile Include="..\src\common\zlib\deflate.c">
      <Filter>zlib</Filter>
    </ClCompile>
    <ClCompile Include="..\src\common\zlib\inffast.c">
      <Filter>zlib</Filter>
    </ClCompile>
    <ClCompile Include="..\src\common\zlib\inflate.c">
      <Filter>zlib</Filter>
    </ClCompile>
    <ClCompile Include="..\src\common\zlib\inftrees.c">
      <Filter>zlib</Filter>
    </ClCompile>
    <ClCompile Include="..\src\common\zlib\trees.c">
      <Filter>zlib</Filter>
    </ClCompile>
  </ItemGroup>
  <ItemGroup>
    <ClInclude Include="..\src\map\sql\mapreg_sql.h">
      <Filter>map_sql</Filter>
    </ClInclude>
    <ClInclude Include="..\src\map\atcommand.h">
      <Filter>map_sql</Filter>
    </ClInclude>
    <ClInclude Include="..\src\map\bank.h">
      <Filter>map_sql</Filter>
    </ClInclude>
    <ClInclude Include="..\src\map\battle.h">
      <Filter>map_sql</Filter>
    </ClInclude>
    <ClInclude Include="..\src\map\bonus.h">
      <Filter>map_sql</Filter>
    </ClInclude>
    <ClInclude Include="..\src\map\booking.h">
      <Filter>map_sql</Filter>
    </ClInclude>
    <ClInclude Include="..\src\map\buyingstore.h">
      <Filter>map_sql</Filter>
    </ClInclude>
    <ClInclude Include="..\src\map\chat.h">
      <Filter>map_sql</Filter>
    </ClInclude>
    <ClInclude Include="..\src\map\chrif.h">
      <Filter>map_sql</Filter>
    </ClInclude>
    <ClInclude Include="..\src\map\clif.h">
      <Filter>map_sql</Filter>
    </ClInclude>
    <ClInclude Include="..\src\map\date.h">
      <Filter>map_sql</Filter>
    </ClInclude>
    <ClInclude Include="..\src\map\elem.h">
      <Filter>map_sql</Filter>
    </ClInclude>
    <ClInclude Include="..\src\map\extra.h">
      <Filter>map_sql</Filter>
    </ClInclude>
    <ClInclude Include="..\src\map\friend.h">
      <Filter>map_sql</Filter>
    </ClInclude>
    <ClInclude Include="..\src\map\guild.h">
      <Filter>map_sql</Filter>
    </ClInclude>
    <ClInclude Include="..\src\map\homun.h">
      <Filter>map_sql</Filter>
    </ClInclude>
    <ClInclude Include="..\src\map\intif.h">
      <Filter>map_sql</Filter>
    </ClInclude>
    <ClInclude Include="..\src\map\itemdb.h">
      <Filter>map_sql</Filter>
    </ClInclude>
    <ClInclude Include="..\src\map\mail.h">
      <Filter>map_sql</Filter>
    </ClInclude>
    <ClInclude Include="..\src\map\map.h">
      <Filter>map_sql</Filter>
    </ClInclude>
    <ClInclude Include="..\src\map\memorial.h">
      <Filter>map_sql</Filter>
    </ClInclude>
    <ClInclude Include="..\src\map\merc.h">
      <Filter>map_sql</Filter>
    </ClInclude>
    <ClInclude Include="..\src\map\mob.h">
      <Filter>map_sql</Filter>
    </ClInclude>
    <ClInclude Include="..\src\map\msg.h">
      <Filter>map_sql</Filter>
    </ClInclude>
    <ClInclude Include="..\src\map\npc.h">
      <Filter>map_sql</Filter>
    </ClInclude>
    <ClInclude Include="..\src\map\party.h">
      <Filter>map_sql</Filter>
    </ClInclude>
    <ClInclude Include="..\src\map\path.h">
      <Filter>map_sql</Filter>
    </ClInclude>
    <ClInclude Include="..\src\map\pc.h">
      <Filter>map_sql</Filter>
    </ClInclude>
    <ClInclude Include="..\src\map\pet.h">
      <Filter>map_sql</Filter>
    </ClInclude>
    <ClInclude Include="..\src\map\quest.h">
      <Filter>map_sql</Filter>
    </ClInclude>
    <ClInclude Include="..\src\map\ranking.h">
      <Filter>map_sql</Filter>
    </ClInclude>
    <ClInclude Include="..\src\map\script.h">
      <Filter>map_sql</Filter>
    </ClInclude>
    <ClInclude Include="..\src\map\skill.h">
      <Filter>map_sql</Filter>
    </ClInclude>
    <ClInclude Include="..\src\map\status.h">
      <Filter>map_sql</Filter>
    </ClInclude>
    <ClInclude Include="..\src\map\storage.h">
      <Filter>map_sql</Filter>
    </ClInclude>
    <ClInclude Include="..\src\map\trade.h">
      <Filter>map_sql</Filter>
    </ClInclude>
    <ClInclude Include="..\src\map\unit.h">
      <Filter>map_sql</Filter>
    </ClInclude>
    <ClInclude Include="..\src\map\vending.h">
      <Filter>map_sql</Filter>
    </ClInclude>
    <ClInclude Include="..\src\common\core.h">
      <Filter>common</Filter>
    </ClInclude>
    <ClInclude Include="..\src\common\db.h">
      <Filter>common</Filter>
    </ClInclude>
    <ClInclude Include="..\src\common\graph.h">
      <Filter>common</Filter>
    </ClInclude>
    <ClInclude Include="..\src\common\grfio.h">
      <Filter>common</Filter>
    </ClInclude>
    <ClInclude Include="..\src\common\httpd.h">
      <Filter>common</Filter>
    </ClInclude>
    <ClInclude Include="..\src\common\lock.h">
      <Filter>common</Filter>
    </ClInclude>
    <ClInclude Include="..\src\common\malloc.h">
      <Filter>common</Filter>
    </ClInclude>
    <ClInclude Include="..\src\common\md5calc.h">
      <Filter>common</Filter>
    </ClInclude>
    <ClInclude Include="..\src\common\mmo.h">
      <Filter>common</Filter>
    </ClInclude>
    <ClInclude Include="..\src\common\nullpo.h">
      <Filter>common</Filter>
    </ClInclude>
    <ClInclude Include="..\src\common\sqldbs.h">
      <Filter>common</Filter>
    </ClInclude>
    <ClInclude Include="..\src\common\socket.h">
      <Filter>common</Filter>
    </ClInclude>
    <ClInclude Include="..\src\common\timer.h">
      <Filter>common</Filter>
    </ClInclude>
    <ClInclude Include="..\src\common\utils.h">
      <Filter>common</Filter>
    </ClInclude>
    <ClInclude Include="..\src\common\version.h">
      <Filter>common</Filter>
    </ClInclude>
    <ClInclude Include="..\src\common\winservice.h">
      <Filter>common</Filter>
    </ClInclude>
    <ClInclude Include="..\src\common\zlib\zutil.h">
      <Filter>zlib</Filter>
    </ClInclude>
    <ClInclude Include="..\src\common\zlib\crc32.h">
      <Filter>zlib</Filter>
    </ClInclude>
    <ClInclude Include="..\src\common\zlib\deflate.h">
      <Filter>zlib</Filter>
    </ClInclude>
    <ClInclude Include="..\src\common\zlib\inffast.h">
      <Filter>zlib</Filter>
    </ClInclude>
    <ClInclude Include="..\src\common\zlib\inffixed.h">
      <Filter>zlib</Filter>
    </ClInclude>
    <ClInclude Include="..\src\common\zlib\inflate.h">
      <Filter>zlib</Filter>
    </ClInclude>
    <ClInclude Include="..\src\common\zlib\inftrees.h">
      <Filter>zlib</Filter>
    </ClInclude>
    <ClInclude Include="..\src\common\zlib\trees.h">
      <Filter>zlib</Filter>
    </ClInclude>
    <ClInclude Include="..\src\common\zlib\zconf.h">
      <Filter>zlib</Filter>
    </ClInclude>
    <ClInclude Include="..\src\common\zlib\zlib.h">
      <Filter>zlib</Filter>
    </ClInclude>
  </ItemGroup>
  <ItemGroup>
    <Filter Include="common">
      <UniqueIdentifier>{bzdrqp1k-h866-wb96-qmx4-4n3ta681hubz}</UniqueIdentifier>
    </Filter>
    <Filter Include="zlib">
      <UniqueIdentifier>{5hdzmfc8-y748-8e5k-fnn4-6njpzmeldox6}</UniqueIdentifier>
    </Filter>
    <Filter Include="map_sql">
      <UniqueIdentifier>{r3abz0jt-d0df-1oun-tr73-6ymlx20co3zf}</UniqueIdentifier>
    </Filter>
  </ItemGroup>
</Project>